
Microsoft Visual Studio Solution File, Format Version 12.00
# Visual Studio Version 16
VisualStudioVersion = 16.0.29418.71
MinimumVisualStudioVersion = 10.0.40219.1
Project("{FAE04EC0-301F-11D3-BF4B-00C04F79EFBC}") = "PdfConverter WF", "PdfConverter WF\PdfConverter WF.csproj", "{14EF854D-D1D5-43D8-B6D8-4CCBE6AD3AE7}"
EndProject
Project("{2150E333-8FDC-42A3-9474-1A3956D46DE8}") = "Solution Items", "Solution Items", "{49199EED-9696-4EB0-882B-63854D6FB553}"
EndProject
Global
	GlobalSection(SolutionConfigurationPlatforms) = preSolution
		Debug|Any CPU = Debug|Any CPU
		Release|Any CPU = Release|Any CPU
	EndGlobalSection
	GlobalSection(ProjectConfigurationPlatforms) = postSolution
		{14EF854D-D1D5-43D8-B6D8-4CCBE6AD3AE7}.Debug|Any CPU.ActiveCfg = Debug|Any CPU
		{14EF854D-D1D5-43D8-B6D8-4CCBE6AD3AE7}.Debug|Any CPU.Build.0 = Debug|Any CPU
		{14EF854D-D1D5-43D8-B6D8-4CCBE6AD3AE7}.Release|Any CPU.ActiveCfg = Release|Any CPU
		{14EF854D-D1D5-43D8-B6D8-4CCBE6AD3AE7}.Release|Any CPU.Build.0 = Release|Any CPU
	EndGlobalSection
	GlobalSection(SolutionProperties) = preSolution
		HideSolutionNode = FALSE
	EndGlobalSection
	GlobalSection(ExtensibilityGlobals) = postSolution
		SolutionGuid = {9CEE6216-B343-428B-86FC-02A029D9E70C}
	EndGlobalSection
EndGlobal
